
Microsoft Visual Studio Solution File, Format Version 12.00
# Visual Studio Version 16
VisualStudioVersion = 16.0.32901.82
MinimumVisualStudioVersion = 10.0.40219.1
Project("{8BC9CEB8-8B4A-11D0-8D11-00A0C91BC942}") = "MarioReplica", "MarioReplica.vcxproj", "{EE548B92-BFEB-4005-AFEB-71F476E385FF}"
EndProject
Global
	GlobalSection(SolutionConfigurationPlatforms) = preSolution
		Debug|x64 = Debug|x64
		Debug|x86 = Debug|x86
		Release|x64 = Release|x64
		Release|x86 = Release|x86
	EndGlobalSection
	GlobalSection(ProjectConfigurationPlatforms) = postSolution
		{EE548B92-BFEB-4005-AFEB-71F476E385FF}.Debug|x64.ActiveCfg = Debug|Win32
		{EE548B92-BFEB-4005-AFEB-71F476E385FF}.Debug|x64.Build.0 = Debug|Win32
		{EE548B92-BFEB-4005-AFEB-71F476E385FF}.Debug|x86.ActiveCfg = Debug|Win32
		{EE548B92-BFEB-4005-AFEB-71F476E385FF}.Debug|x86.Build.0 = Debug|Win32
		{EE548B92-BFEB-4005-AFEB-71F476E385FF}.Release|x64.ActiveCfg = Release|x64
		{EE548B92-BFEB-4005-AFEB-71F476E385FF}.Release|x64.Build.0 = Release|x64
		{EE548B92-BFEB-4005-AFEB-71F476E385FF}.Release|x86.ActiveCfg = Release|Win32
		{EE548B92-BFEB-4005-AFEB-71F476E385FF}.Release|x86.Build.0 = Release|Win32
	EndGlobalSection
	GlobalSection(SolutionProperties) = preSolution
		HideSolutionNode = FALSE
	EndGlobalSection
	GlobalSection(ExtensibilityGlobals) = postSolution
		SolutionGuid = {CC337026-3A84-42CF-9E0C-F852273A603A}
	EndGlobalSection
EndGlobal
